// !$*UTF8*$!
{
	archiveVersion = 1;
	classes = {
	};
	objectVersion = 50;
	objects = {

/* Begin PBXBuildFile section */
		9F4B4B7723C3303F007C142D /* AppDelegate.swift in Sources */ = {isa = PBXBuildFile; fileRef = 9F4B4B7623C3303F007C142D /* AppDelegate.swift */; };
		9F4B4B7923C3303F007C142D /* SceneDelegate.swift in Sources */ = {isa = PBXBuildFile; fileRef = 9F4B4B7823C3303F007C142D /* SceneDelegate.swift */; };
		9F4B4B7B23C3303F007C142D /* ViewController.swift in Sources */ = {isa = PBXBuildFile; fileRef = 9F4B4B7A23C3303F007C142D /* ViewController.swift */; };
		9F4B4B7E23C3303F007C142D /* Main.storyboard in Resources */ = {isa = PBXBuildFile; fileRef = 9F4B4B7C23C3303F007C142D /* Main.storyboard */; };
		9F4B4B8023C33041007C142D /* Assets.xcassets in Resources */ = {isa = PBXBuildFile; fileRef = 9F4B4B7F23C33041007C142D /* Assets.xcassets */; };
		9F4B4B8323C33041007C142D /* LaunchScreen.storyboard in Resources */ = {isa = PBXBuildFile; fileRef = 9F4B4B8123C33041007C142D /* LaunchScreen.storyboard */; };
		9F4B4B8B23C3306D007C142D /* CustomCell.swift in Sources */ = {isa = PBXBuildFile; fileRef = 9F4B4B8A23C3306D007C142D /* CustomCell.swift */; };
		9F4B4B8D23C3307E007C142D /* Item.swift in Sources */ = {isa = PBXBuildFile; fileRef = 9F4B4B8C23C3307E007C142D /* Item.swift */; };
		9F4B4B9123C45EC1007C142D /* AddNewItem.swift in Sources */ = {isa = PBXBuildFile; fileRef = 9F4B4B9023C45EC1007C142D /* AddNewItem.swift */; };
/* End PBXBuildFile section */

/* Begin PBXFileReference section */
		9F4B4B7323C3303F007C142D /* TableViewCustom_23.app */ = {isa = PBXFileReference; explicitFileType = wrapper.application; includeInIndex = 0; path = TableViewCustom_23.app; sourceTree = BUILT_PRODUCTS_DIR; };
		9F4B4B7623C3303F007C142D /* AppDelegate.swift */ = {isa = PBXFileReference; lastKnownFileType = sourcecode.swift; path = AppDelegate.swift; sourceTree = "<group>"; };
		9F4B4B7823C3303F007C142D /* SceneDelegate.swift */ = {isa = PBXFileReference; lastKnownFileType = sourcecode.swift; path = SceneDelegate.swift; sourceTree = "<group>"; };
		9F4B4B7A23C3303F007C142D /* ViewController.swift */ = {isa = PBXFileReference; lastKnownFileType = sourcecode.swift; path = ViewController.swift; sourceTree = "<group>"; };
		9F4B4B7D23C3303F007C142D /* Base */ = {isa = PBXFileReference; lastKnownFileType = file.storyboard; name = Base; path = Base.lproj/Main.storyboard; sourceTree = "<group>"; };
		9F4B4B7F23C33041007C142D /* Assets.xcassets */ = {isa = PBXFileReference; lastKnownFileType = folder.assetcatalog; path = Assets.xcassets; sourceTree = "<group>"; };
		9F4B4B8223C33041007C142D /* Base */ = {isa = PBXFileReference; lastKnownFileType = file.storyboard; name = Base; path = Base.lproj/LaunchScreen.storyboard; sourceTree = "<group>"; };
		9F4B4B8423C33041007C142D /* Info.plist */ = {isa = PBXFileReference; lastKnownFileType = text.plist.xml; path = Info.plist; sourceTree = "<group>"; };
		9F4B4B8A23C3306D007C142D /* CustomCell.swift */ = {isa = PBXFileReference; lastKnownFileType = sourcecode.swift; path = CustomCell.swift; sourceTree = "<group>"; };
		9F4B4B8C23C3307E007C142D /* Item.swift */ = {isa = PBXFileReference; lastKnownFileType = sourcecode.swift; path = Item.swift; sourceTree = "<group>"; };
		9F4B4B9023C45EC1007C142D /* AddNewItem.swift */ = {isa = PBXFileReference; lastKnownFileType = sourcecode.swift; path = AddNewItem.swift; sourceTree = "<group>"; };
/* End PBXFileReference section */

/* Begin PBXFrameworksBuildPhase section */
		9F4B4B7023C3303F007C142D /* Frameworks */ = {
			isa = PBXFrameworksBuildPhase;
			buildActionMask = 2147483647;
			files = (
			);
			runOnlyForDeploymentPostprocessing = 0;
		};
/* End PBXFrameworksBuildPhase section */

/* Begin PBXGroup section */
		9F4B4B6A23C3303F007C142D = {
			isa = PBXGroup;
			children = (
				9F4B4B7523C3303F007C142D /* TableViewCustom_23 */,
				9F4B4B7423C3303F007C142D /* Products */,
			);
			sourceTree = "<group>";
		};
		9F4B4B7423C3303F007C142D /* Products */ = {
			isa = PBXGroup;
			children = (
				9F4B4B7323C3303F007C142D /* TableViewCustom_23.app */,
			);
			name = Products;
			sourceTree = "<group>";
		};
		9F4B4B7523C3303F007C142D /* TableViewCustom_23 */ = {
			isa = PBXGroup;
			children = (
				9F4B4B7623C3303F007C142D /* AppDelegate.swift */,
				9F4B4B7823C3303F007C142D /* SceneDelegate.swift */,
				9F4B4B7A23C3303F007C142D /* ViewController.swift */,
				9F4B4B7C23C3303F007C142D /* Main.storyboard */,
				9F4B4B7F23C33041007C142D /* Assets.xcassets */,
				9F4B4B8123C33041007C142D /* LaunchScreen.storyboard */,
				9F4B4B8C23C3307E007C142D /* Item.swift */,
				9F4B4B9023C45EC1007C142D /* AddNewItem.swift */,
				9F4B4B8423C33041007C142D /* Info.plist */,
				9F4B4B8A23C3306D007C142D /* CustomCell.swift */,
			);
			path = TableViewCustom_23;
			sourceTree = "<group>";
		};
/* End PBXGroup section */

/* Begin PBXNativeTarget section */
		9F4B4B7223C3303F007C142D /* TableViewCustom_23 */ = {
			isa = PBXNativeTarget;
			buildConfigurationList = 9F4B4B8723C33041007C142D /* Build configuration list for PBXNativeTarget "TableViewCustom_23" */;
			buildPhases = (
				9F4B4B6F23C3303F007C142D /* Sources */,
				9F4B4B7023C3303F007C142D /* Frameworks */,
				9F4B4B7123C3303F007C142D /* Resources */,
			);
			buildRules = (
			);
			dependencies = (
			);
			name = TableViewCustom_23;
			productName = TableViewCustom_23;
			productReference = 9F4B4B7323C3303F007C142D /* TableViewCustom_23.app */;
			productType = "com.apple.product-type.application";
		};
/* End PBXNativeTarget section */

/* Begin PBXProject section */
		9F4B4B6B23C3303F007C142D /* Project object */ = {
			isa = PBXProject;
			attributes = {
				LastSwiftUpdateCheck = 1130;
				LastUpgradeCheck = 1130;
				ORGANIZATIONNAME = tung;
				TargetAttributes = {
					9F4B4B7223C3303F007C142D = {
						CreatedOnToolsVersion = 11.3;
					};
				};
			};
			buildConfigurationList = 9F4B4B6E23C3303F007C142D /* Build configuration list for PBXProject "TableViewCustom_23" */;
			compatibilityVersion = "Xcode 9.3";
			developmentRegion = en;
			hasScannedForEncodings = 0;
			knownRegions = (
				en,
				Base,
			);
			mainGroup = 9F4B4B6A23C3303F007C142D;
			productRefGroup = 9F4B4B7423C3303F007C142D /* Products */;
			projectDirPath = "";
			projectRoot = "";
			targets = (
				9F4B4B7223C3303F007C142D /* TableViewCustom_23 */,
			);
		};
/* End PBXProject section */

/* Begin PBXResourcesBuildPhase section */
		9F4B4B7123C3303F007C142D /* Resources */ = {
			isa = PBXResourcesBuildPhase;
			buildActionMask = 2147483647;
			files = (
				9F4B4B8323C33041007C142D /* LaunchScreen.storyboard in Resources */,
				9F4B4B8023C33041007C142D /* Assets.xcassets in Resources */,
				9F4B4B7E23C3303F007C142D /* Main.storyboard in Resources */,
			);
			runOnlyForDeploymentPostprocessing = 0;
		};
/* End PBXResourcesBuildPhase section */

/* Begin PBXSourcesBuildPhase section */
		9F4B4B6F23C3303F007C142D /* Sources */ = {
			isa = PBXSourcesBuildPhase;
			buildActionMask = 2147483647;
			files = (
				9F4B4B8D23C3307E007C142D /* Item.swift in Sources */,
				9F4B4B7B23C3303F007C142D /* ViewController.swift in Sources */,
				9F4B4B7723C3303F007C142D /* AppDelegate.swift in Sources */,
				9F4B4B8B23C3306D007C142D /* CustomCell.swift in Sources */,
				9F4B4B7923C3303F007C142D /* SceneDelegate.swift in Sources */,
				9F4B4B9123C45EC1007C142D /* AddNewItem.swift in Sources */,
			);
			runOnlyForDeploymentPostprocessing = 0;
		};
/* End PBXSourcesBuildPhase section */

/* Begin PBXVariantGroup section */
		9F4B4B7C23C3303F007C142D /* Main.storyboard */ = {
			isa = PBXVariantGroup;
			children = (
				9F4B4B7D23C3303F007C142D /* Base */,
			);
			name = Main.storyboard;
			sourceTree = "<group>";
		};
		9F4B4B8123C33041007C142D /* LaunchScreen.storyboard */ = {
			isa = PBXVariantGroup;
			children = (
				9F4B4B8223C33041007C142D /* Base */,
			);
			name = LaunchScreen.storyboard;
			sourceTree = "<group>";
		};
/* End PBXVariantGroup section */

/* Begin XCBuildConfiguration section */
		9F4B4B8523C33041007C142D /* Debug */ = {
			isa = XCBuildConfiguration;
			buildSettings = {
				ALWAYS_SEARCH_USER_PATHS = NO;
				CLANG_ANALYZER_NONNULL = YES;
				CLANG_ANALYZER_NUMBER_OBJECT_CONVERSION = YES_AGGRESSIVE;
				CLANG_CXX_LANGUAGE_STANDARD = "gnu++14";
				CLANG_CXX_LIBRARY = "libc++";
				CLANG_ENABLE_MODULES = YES;
				CLANG_ENABLE_OBJC_ARC = YES;
				CLANG_ENABLE_OBJC_WEAK = YES;
				CLANG_WARN_BLOCK_CAPTURE_AUTORELEASING = YES;
				CLANG_WARN_BOOL_CONVERSION = YES;
				CLANG_WARN_COMMA = YES;
				CLANG_WARN_CONSTANT_CONVERSION = YES;
				CLANG_WARN_DEPRECATED_OBJC_IMPLEMENTATIONS = YES;
				CLANG_WARN_DIRECT_OBJC_ISA_USAGE = YES_ERROR;
				CLANG_WARN_DOCUMENTATION_COMMENTS = YES;
				CLANG_WARN_EMPTY_BODY = YES;
				CLANG_WARN_ENUM_CONVERSION = YES;
				CLANG_WARN_INFINITE_RECURSION = YES;
				CLANG_WARN_INT_CONVERSION = YES;
				CLANG_WARN_NON_LITERAL_NULL_CONVERSION = YES;
				CLANG_WARN_OBJC_IMPLICIT_RETAIN_SELF = YES;
				CLANG_WARN_OBJC_LITERAL_CONVERSION = YES;
				CLANG_WARN_OBJC_ROOT_CLASS = YES_ERROR;
				CLANG_WARN_RANGE_LOOP_ANALYSIS = YES;
				CLANG_WARN_STRICT_PROTOTYPES = YES;
				CLANG_WARN_SUSPICIOUS_MOVE = YES;
				CLANG_WARN_UNGUARDED_AVAILABILITY = YES_AGGRESSIVE;
				CLANG_WARN_UNREACHABLE_CODE = YES;
				CLANG_WARN__DUPLICATE_METHOD_MATCH = YES;
				COPY_PHASE_STRIP = NO;
				DEBUG_INFORMATION_FORMAT = dwarf;
				ENABLE_STRICT_OBJC_MSGSEND = YES;
				ENABLE_TESTABILITY = YES;
				GCC_C_LANGUAGE_STANDARD = gnu11;
				GCC_DYNAMIC_NO_PIC = NO;
				GCC_NO_COMMON_BLOCKS = YES;
				GCC_OPTIMIZATION_LEVEL = 0;
				GCC_PREPROCESSOR_DEFINITIONS = (
					"DEBUG=1",
					"$(inherited)",
				);
				GCC_WARN_64_TO_32_BIT_CONVERSION = YES;
				GCC_WARN_ABOUT_RETURN_TYPE = YES_ERROR;
				GCC_WARN_UNDECLARED_SELECTOR = YES;
				GCC_WARN_UNINITIALIZED_AUTOS = YES_AGGRESSIVE;
				GCC_WARN_UNUSED_FUNCTION = YES;
				GCC_WARN_UNUSED_VARIABLE = YES;
				IPHONEOS_DEPLOYMENT_TARGET = 13.2;
				MTL_ENABLE_DEBUG_INFO = INCLUDE_SOURCE;
				MTL_FAST_MATH = YES;
				ONLY_ACTIVE_ARCH = YES;
				SDKROOT = iphoneos;
				SWIFT_ACTIVE_COMPILATION_CONDITIONS = DEBUG;
				SWIFT_OPTIMIZATION_LEVEL = "-Onone";
			};
			name = Debug;
		};
		9F4B4B8623C33041007C142D /* Release */ = {
			isa = XCBuildConfiguration;
			buildSettings = {
				ALWAYS_SEARCH_USER_PATHS = NO;
				CLANG_ANALYZER_NONNULL = YES;
				CLANG_ANALYZER_NUMBER_OBJECT_CONVERSION = YES_AGGRESSIVE;
				CLANG_CXX_LANGUAGE_STANDARD = "gnu++14";
				CLANG_CXX_LIBRARY = "libc++";
				CLANG_ENABLE_MODULES = YES;
				CLANG_ENABLE_OBJC_ARC = YES;
				CLANG_ENABLE_OBJC_WEAK = YES;
				CLANG_WARN_BLOCK_CAPTURE_AUTORELEASING = YES;
				CLANG_WARN_BOOL_CONVERSION = YES;
				CLANG_WARN_COMMA = YES;
				CLANG_WARN_CONSTANT_CONVERSION = YES;
				CLANG_WARN_DEPRECATED_OBJC_IMPLEMENTATIONS = YES;
				CLANG_WARN_DIRECT_OBJC_ISA_USAGE = YES_ERROR;
				CLANG_WARN_DOCUMENTATION_COMMENTS = YES;
				CLANG_WARN_EMPTY_BODY = YES;
				CLANG_WARN_ENUM_CONVERSION = YES;
				CLANG_WARN_INFINITE_RECURSION = YES;
				CLANG_WARN_INT_CONVERSION = YES;
				CLANG_WARN_NON_LITERAL_NULL_CONVERSION = YES;
				CLANG_WARN_OBJC_IMPLICIT_RETAIN_SELF = YES;
				CLANG_WARN_OBJC_LITERAL_CONVERSION = YES;
				CLANG_WARN_OBJC_ROOT_CLASS = YES_ERROR;
				CLANG_WARN_RANGE_LOOP_ANALYSIS = YES;
				CLANG_WARN_STRICT_PROTOTYPES = YES;
				CLANG_WARN_SUSPICIOUS_MOVE = YES;
				CLANG_WARN_UNGUARDED_AVAILABILITY = YES_AGGRESSIVE;
				CLANG_WARN_UNREACHABLE_CODE = YES;
				CLANG_WARN__DUPLICATE_METHOD_MATCH = YES;
				COPY_PHASE_STRIP = NO;
				DEBUG_INFORMATION_FORMAT = "dwarf-with-dsym";
				ENABLE_NS_ASSERTIONS = NO;
				ENABLE_STRICT_OBJC_MSGSEND = YES;
				GCC_C_LANGUAGE_STANDARD = gnu11;
				GCC_NO_COMMON_BLOCKS = YES;
				GCC_WARN_64_TO_32_BIT_CONVERSION = YES;
				GCC_WARN_ABOUT_RETURN_TYPE = YES_ERROR;
				GCC_WARN_UNDECLARED_SELECTOR = YES;
				GCC_WARN_UNINITIALIZED_AUTOS = YES_AGGRESSIVE;
				GCC_WARN_UNUSED_FUNCTION = YES;
				GCC_WARN_UNUSED_VARIABLE = YES;
				IPHONEOS_DEPLOYMENT_TARGET = 13.2;
				MTL_ENABLE_DEBUG_INFO = NO;
				MTL_FAST_MATH = YES;
				SDKROOT = iphoneos;
				SWIFT_COMPILATION_MODE = wholemodule;
				SWIFT_OPTIMIZATION_LEVEL = "-O";
				VALIDATE_PRODUCT = YES;
			};
			name = Release;
		};
		9F4B4B8823C33041007C142D /* Debug */ = {
			isa = XCBuildConfiguration;
			buildSettings = {
				ASSETCATALOG_COMPILER_APPICON_NAME = AppIcon;
				CODE_SIGN_STYLE = Automatic;
				INFOPLIST_FILE = TableViewCustom_23/Info.plist;
				LD_RUNPATH_SEARCH_PATHS = (
					"$(inherited)",
					"@executable_path/Frameworks",
				);
				PRODUCT_BUNDLE_IDENTIFIER = "com.tung.TableViewCustom-23";
				PRODUCT_NAME = "$(TARGET_NAME)";
				SWIFT_VERSION = 5.0;
				TARGETED_DEVICE_FAMILY = "1,2";
			};
			name = Debug;
		};
		9F4B4B8923C33041007C142D /* Release */ = {
			isa = XCBuildConfiguration;
			buildSettings = {
				ASSETCATALOG_COMPILER_APPICON_NAME = AppIcon;
				CODE_SIGN_STYLE = Automatic;
				INFOPLIST_FILE = TableViewCustom_23/Info.plist;
				LD_RUNPATH_SEARCH_PATHS = (
					"$(inherited)",
					"@executable_path/Frameworks",
				);
				PRODUCT_BUNDLE_IDENTIFIER = "com.tung.TableViewCustom-23";
				PRODUCT_NAME = "$(TARGET_NAME)";
				SWIFT_VERSION = 5.0;
				TARGETED_DEVICE_FAMILY = "1,2";
			};
			name = Release;
		};
/* End XCBuildConfiguration section */

/* Begin XCConfigurationList section */
		9F4B4B6E23C3303F007C142D /* Build configuration list for PBXProject "TableViewCustom_23" */ = {
			isa = XCConfigurationList;
			buildConfigurations = (
				9F4B4B8523C33041007C142D /* Debug */,
				9F4B4B8623C33041007C142D /* Release */,
			);
			defaultConfigurationIsVisible = 0;
			defaultConfigurationName = Release;
		};
		9F4B4B8723C33041007C142D /* Build configuration list for PBXNativeTarget "TableViewCustom_23" */ = {
			isa = XCConfigurationList;
			buildConfigurations = (
				9F4B4B8823C33041007C142D /* Debug */,
				9F4B4B8923C33041007C142D /* Release */,
			);
			defaultConfigurationIsVisible = 0;
			defaultConfigurationName = Release;
		};
/* End XCConfigurationList section */
	};
	rootObject = 9F4B4B6B23C3303F007C142D /* Project object */;
}
